
Microsoft Visual Studio Solution File, Format Version 12.00
# Visual Studio Version 17
VisualStudioVersion = 17.11.35303.130
MinimumVisualStudioVersion = 10.0.40219.1
Project("{2150E333-8FDC-42A3-9474-1A3956D46DE8}") = "Task0", "Task0", "{1D22F38A-A5E7-4E40-B7C9-13C1AE4D8FCB}"
EndProject
Project("{FAE04EC0-301F-11D3-BF4B-00C04F79EFBC}") = "Tyuiu.ArapovTY.Sprint6.Task0.V15.Lib", "Tyuiu.ArapovTY.Sprint6.Task0.V15.Lib\Tyuiu.ArapovTY.Sprint6.Task0.V15.Lib.csproj", "{2F03303B-22A0-4148-8957-1A5F9F947FBF}"
EndProject
Project("{FAE04EC0-301F-11D3-BF4B-00C04F79EFBC}") = "Tyuiu.ArapovTY.Sprint6.Task0.V15.Test", "Tyuiu.ArapovTY.Sprint6.Task0.V15.Test\Tyuiu.ArapovTY.Sprint6.Task0.V15.Test.csproj", "{9554FE66-57E3-4F08-BB9C-3F1121EA4131}"
EndProject
Project("{FAE04EC0-301F-11D3-BF4B-00C04F79EFBC}") = "Tyuiu.ArapovTY.Sprint6.Task0.V15", "Tyuiu.ArapovTY.Sprint6.Task0.V15\Tyuiu.ArapovTY.Sprint6.Task0.V15.csproj", "{FB20036F-E70C-42FE-A05E-A2876F9C79D8}"
EndProject
Project("{2150E333-8FDC-42A3-9474-1A3956D46DE8}") = "Task1", "Task1", "{8E65CE52-1AA4-4B29-ACAE-72F9B5E292C6}"
EndProject
Project("{FAE04EC0-301F-11D3-BF4B-00C04F79EFBC}") = "Tyuiu.ArapovTY.Sprint6.Task1.V5", "Tyuiu.ArapovTY.Sprint6.Task1.V5\Tyuiu.ArapovTY.Sprint6.Task1.V5.csproj", "{8041932C-52D6-4C6D-9B80-5D54AC1116DC}"
EndProject
Project("{FAE04EC0-301F-11D3-BF4B-00C04F79EFBC}") = "Tyuiu.ArapovTY.Sprint6.Task1.V5.Lib", "Tyuiu.ArapovTY.Sprint6.Task1.V5.Lib\Tyuiu.ArapovTY.Sprint6.Task1.V5.Lib.csproj", "{7A4F61AE-CA58-4668-816A-32A90FDC115E}"
EndProject
Project("{FAE04EC0-301F-11D3-BF4B-00C04F79EFBC}") = "Tyuiu.ArapovTY.Sprint6.Task1.V5.Test", "Tyuiu.ArapovTY.Sprint6.Task1.V5.Test\Tyuiu.ArapovTY.Sprint6.Task1.V5.Test.csproj", "{E16FA10A-DEF0-4E7E-80C7-6E7D730A3E78}"
EndProject
Project("{2150E333-8FDC-42A3-9474-1A3956D46DE8}") = "Task2", "Task2", "{BD3148E0-8321-404A-A678-9F1DB020E7C4}"
EndProject
Project("{FAE04EC0-301F-11D3-BF4B-00C04F79EFBC}") = "Tyuiu.ArapovTY.Sprint6.Task2.V27", "Tyuiu.ArapovTY.Sprint6.Task2.V27\Tyuiu.ArapovTY.Sprint6.Task2.V27.csproj", "{C0D37880-B6CD-432E-B7CC-8E8CF369C22D}"
EndProject
Project("{FAE04EC0-301F-11D3-BF4B-00C04F79EFBC}") = "Tyuiu.ArapovTY.Sprint6.Task2.V27.Lib", "Tyuiu.ArapovTY.Sprint6.Task2.V27.Lib\Tyuiu.ArapovTY.Sprint6.Task2.V27.Lib.csproj", "{F2917266-EBCF-4F16-819D-C16A6EFEB56E}"
EndProject
Project("{FAE04EC0-301F-11D3-BF4B-00C04F79EFBC}") = "Tyuiu.ArapovTY.Sprint6.Task2.V27.Test", "Tyuiu.ArapovTY.Sprint6.Task2.V27.Test\Tyuiu.ArapovTY.Sprint6.Task2.V27.Test.csproj", "{B94DCEB8-8C91-421B-BEEF-8CBFE49EB822}"
EndProject
Project("{2150E333-8FDC-42A3-9474-1A3956D46DE8}") = "Task3", "Task3", "{86C6FE69-DE56-4A32-B745-B0350E4AB19C}"
EndProject
Project("{FAE04EC0-301F-11D3-BF4B-00C04F79EFBC}") = "Tyuiu.ArapovTY.Sprint6.Task3.V29", "Tyuiu.ArapovTY.Sprint6.Task3.V29\Tyuiu.ArapovTY.Sprint6.Task3.V29.csproj", "{3A73841B-7F03-4CFC-96CB-B0261517B89F}"
EndProject
Project("{FAE04EC0-301F-11D3-BF4B-00C04F79EFBC}") = "Tyuiu.ArapovTY.Sprint6.Task3.V29.Test", "Tyuiu.ArapovTY.Sprint6.Task3.V29.Test\Tyuiu.ArapovTY.Sprint6.Task3.V29.Test.csproj", "{891F1FB1-84D5-4AFB-A208-ED227B35F453}"
EndProject
Project("{FAE04EC0-301F-11D3-BF4B-00C04F79EFBC}") = "Tyuiu.ArapovTY.Sprint6.Task3.V29.Lib", "Tyuiu.ArapovTY.Sprint6.Task3.V29.Lib\Tyuiu.ArapovTY.Sprint6.Task3.V29.Lib.csproj", "{9D748D2B-F558-4398-921B-B27AFFCEE071}"
EndProject
Global
	GlobalSection(SolutionConfigurationPlatforms) = preSolution
		Debug|Any CPU = Debug|Any CPU
		Release|Any CPU = Release|Any CPU
	EndGlobalSection
	GlobalSection(ProjectConfigurationPlatforms) = postSolution
		{2F03303B-22A0-4148-8957-1A5F9F947FBF}.Debug|Any CPU.ActiveCfg = Debug|Any CPU
		{2F03303B-22A0-4148-8957-1A5F9F947FBF}.Debug|Any CPU.Build.0 = Debug|Any CPU
		{2F03303B-22A0-4148-8957-1A5F9F947FBF}.Release|Any CPU.ActiveCfg = Release|Any CPU
		{2F03303B-22A0-4148-8957-1A5F9F947FBF}.Release|Any CPU.Build.0 = Release|Any CPU
		{9554FE66-57E3-4F08-BB9C-3F1121EA4131}.Debug|Any CPU.ActiveCfg = Debug|Any CPU
		{9554FE66-57E3-4F08-BB9C-3F1121EA4131}.Debug|Any CPU.Build.0 = Debug|Any CPU
		{9554FE66-57E3-4F08-BB9C-3F1121EA4131}.Release|Any CPU.ActiveCfg = Release|Any CPU
		{9554FE66-57E3-4F08-BB9C-3F1121EA4131}.Release|Any CPU.Build.0 = Release|Any CPU
		{FB20036F-E70C-42FE-A05E-A2876F9C79D8}.Debug|Any CPU.ActiveCfg = Debug|Any CPU
		{FB20036F-E70C-42FE-A05E-A2876F9C79D8}.Debug|Any CPU.Build.0 = Debug|Any CPU
		{FB20036F-E70C-42FE-A05E-A2876F9C79D8}.Release|Any CPU.ActiveCfg = Release|Any CPU
		{FB20036F-E70C-42FE-A05E-A2876F9C79D8}.Release|Any CPU.Build.0 = Release|Any CPU
		{8041932C-52D6-4C6D-9B80-5D54AC1116DC}.Debug|Any CPU.ActiveCfg = Debug|Any CPU
		{8041932C-52D6-4C6D-9B80-5D54AC1116DC}.Debug|Any CPU.Build.0 = Debug|Any CPU
		{8041932C-52D6-4C6D-9B80-5D54AC1116DC}.Release|Any CPU.ActiveCfg = Release|Any CPU
		{8041932C-52D6-4C6D-9B80-5D54AC1116DC}.Release|Any CPU.Build.0 = Release|Any CPU
		{7A4F61AE-CA58-4668-816A-32A90FDC115E}.Debug|Any CPU.ActiveCfg = Debug|Any CPU
		{7A4F61AE-CA58-4668-816A-32A90FDC115E}.Debug|Any CPU.Build.0 = Debug|Any CPU
		{7A4F61AE-CA58-4668-816A-32A90FDC115E}.Release|Any CPU.ActiveCfg = Release|Any CPU
		{7A4F61AE-CA58-4668-816A-32A90FDC115E}.Release|Any CPU.Build.0 = Release|Any CPU
		{E16FA10A-DEF0-4E7E-80C7-6E7D730A3E78}.Debug|Any CPU.ActiveCfg = Debug|Any CPU
		{E16FA10A-DEF0-4E7E-80C7-6E7D730A3E78}.Debug|Any CPU.Build.0 = Debug|Any CPU
		{E16FA10A-DEF0-4E7E-80C7-6E7D730A3E78}.Release|Any CPU.ActiveCfg = Release|Any CPU
		{E16FA10A-DEF0-4E7E-80C7-6E7D730A3E78}.Release|Any CPU.Build.0 = Release|Any CPU
		{C0D37880-B6CD-432E-B7CC-8E8CF369C22D}.Debug|Any CPU.ActiveCfg = Debug|Any CPU
		{C0D37880-B6CD-432E-B7CC-8E8CF369C22D}.Debug|Any CPU.Build.0 = Debug|Any CPU
		{C0D37880-B6CD-432E-B7CC-8E8CF369C22D}.Release|Any CPU.ActiveCfg = Release|Any CPU
		{C0D37880-B6CD-432E-B7CC-8E8CF369C22D}.Release|Any CPU.Build.0 = Release|Any CPU
		{F2917266-EBCF-4F16-819D-C16A6EFEB56E}.Debug|Any CPU.ActiveCfg = Debug|Any CPU
		{F2917266-EBCF-4F16-819D-C16A6EFEB56E}.Debug|Any CPU.Build.0 = Debug|Any CPU
		{F2917266-EBCF-4F16-819D-C16A6EFEB56E}.Release|Any CPU.ActiveCfg = Release|Any CPU
		{F2917266-EBCF-4F16-819D-C16A6EFEB56E}.Release|Any CPU.Build.0 = Release|Any CPU
		{B94DCEB8-8C91-421B-BEEF-8CBFE49EB822}.Debug|Any CPU.ActiveCfg = Debug|Any CPU
		{B94DCEB8-8C91-421B-BEEF-8CBFE49EB822}.Debug|Any CPU.Build.0 = Debug|Any CPU
		{B94DCEB8-8C91-421B-BEEF-8CBFE49EB822}.Release|Any CPU.ActiveCfg = Release|Any CPU
		{B94DCEB8-8C91-421B-BEEF-8CBFE49EB822}.Release|Any CPU.Build.0 = Release|Any CPU
		{3A73841B-7F03-4CFC-96CB-B0261517B89F}.Debug|Any CPU.ActiveCfg = Debug|Any CPU
		{3A73841B-7F03-4CFC-96CB-B0261517B89F}.Debug|Any CPU.Build.0 = Debug|Any CPU
		{3A73841B-7F03-4CFC-96CB-B0261517B89F}.Release|Any CPU.ActiveCfg = Release|Any CPU
		{3A73841B-7F03-4CFC-96CB-B0261517B89F}.Release|Any CPU.Build.0 = Release|Any CPU
		{891F1FB1-84D5-4AFB-A208-ED227B35F453}.Debug|Any CPU.ActiveCfg = Debug|Any CPU
		{891F1FB1-84D5-4AFB-A208-ED227B35F453}.Debug|Any CPU.Build.0 = Debug|Any CPU
		{891F1FB1-84D5-4AFB-A208-ED227B35F453}.Release|Any CPU.ActiveCfg = Release|Any CPU
		{891F1FB1-84D5-4AFB-A208-ED227B35F453}.Release|Any CPU.Build.0 = Release|Any CPU
		{9D748D2B-F558-4398-921B-B27AFFCEE071}.Debug|Any CPU.ActiveCfg = Debug|Any CPU
		{9D748D2B-F558-4398-921B-B27AFFCEE071}.Debug|Any CPU.Build.0 = Debug|Any CPU
		{9D748D2B-F558-4398-921B-B27AFFCEE071}.Release|Any CPU.ActiveCfg = Release|Any CPU
		{9D748D2B-F558-4398-921B-B27AFFCEE071}.Release|Any CPU.Build.0 = Release|Any CPU
	EndGlobalSection
	GlobalSection(SolutionProperties) = preSolution
		HideSolutionNode = FALSE
	EndGlobalSection
	GlobalSection(NestedProjects) = preSolution
		{2F03303B-22A0-4148-8957-1A5F9F947FBF} = {1D22F38A-A5E7-4E40-B7C9-13C1AE4D8FCB}
		{9554FE66-57E3-4F08-BB9C-3F1121EA4131} = {1D22F38A-A5E7-4E40-B7C9-13C1AE4D8FCB}
		{FB20036F-E70C-42FE-A05E-A2876F9C79D8} = {1D22F38A-A5E7-4E40-B7C9-13C1AE4D8FCB}
		{8041932C-52D6-4C6D-9B80-5D54AC1116DC} = {8E65CE52-1AA4-4B29-ACAE-72F9B5E292C6}
		{7A4F61AE-CA58-4668-816A-32A90FDC115E} = {8E65CE52-1AA4-4B29-ACAE-72F9B5E292C6}
		{E16FA10A-DEF0-4E7E-80C7-6E7D730A3E78} = {8E65CE52-1AA4-4B29-ACAE-72F9B5E292C6}
		{C0D37880-B6CD-432E-B7CC-8E8CF369C22D} = {BD3148E0-8321-404A-A678-9F1DB020E7C4}
		{F2917266-EBCF-4F16-819D-C16A6EFEB56E} = {BD3148E0-8321-404A-A678-9F1DB020E7C4}
		{B94DCEB8-8C91-421B-BEEF-8CBFE49EB822} = {BD3148E0-8321-404A-A678-9F1DB020E7C4}
		{3A73841B-7F03-4CFC-96CB-B0261517B89F} = {86C6FE69-DE56-4A32-B745-B0350E4AB19C}
		{891F1FB1-84D5-4AFB-A208-ED227B35F453} = {86C6FE69-DE56-4A32-B745-B0350E4AB19C}
		{9D748D2B-F558-4398-921B-B27AFFCEE071} = {86C6FE69-DE56-4A32-B745-B0350E4AB19C}
	EndGlobalSection
	GlobalSection(ExtensibilityGlobals) = postSolution
		SolutionGuid = {BA359AD4-39D8-41C3-9952-9427C5BFF12F}
	EndGlobalSection
EndGlobal
